
Microsoft Visual Studio Solution File, Format Version 12.00
# Visual Studio Version 16
VisualStudioVersion = 16.0.28803.352
MinimumVisualStudioVersion = 10.0.40219.1
Project("{FAE04EC0-301F-11D3-BF4B-00C04F79EFBC}") = "DelegatesDemo", "DelegatesDemo\DelegatesDemo.csproj", "{A55FFD77-5B8F-4939-9A12-65716515C97A}"
EndProject
Global
	GlobalSection(SolutionConfigurationPlatforms) = preSolution
		Debug|Any CPU = Debug|Any CPU
		Release|Any CPU = Release|Any CPU
	EndGlobalSection
	GlobalSection(ProjectConfigurationPlatforms) = postSolution
		{A55FFD77-5B8F-4939-9A12-65716515C97A}.Debug|Any CPU.ActiveCfg = Debug|Any CPU
		{A55FFD77-5B8F-4939-9A12-65716515C97A}.Debug|Any CPU.Build.0 = Debug|Any CPU
		{A55FFD77-5B8F-4939-9A12-65716515C97A}.Release|Any CPU.ActiveCfg = Release|Any CPU
		{A55FFD77-5B8F-4939-9A12-65716515C97A}.Release|Any CPU.Build.0 = Release|Any CPU
	EndGlobalSection
	GlobalSection(SolutionProperties) = preSolution
		HideSolutionNode = FALSE
	EndGlobalSection
	GlobalSection(ExtensibilityGlobals) = postSolution
		SolutionGuid = {73E716A5-79F9-445F-9E3D-AE6C0789E3AF}
	EndGlobalSection
EndGlobal
