
Microsoft Visual Studio Solution File, Format Version 12.00
# Visual Studio Version 16
VisualStudioVersion = 16.0.28803.352
MinimumVisualStudioVersion = 10.0.40219.1
Project("{FAE04EC0-301F-11D3-BF4B-00C04F79EFBC}") = "LINQDemo", "LINQDemo\LINQDemo.csproj", "{05A8A393-E984-40DF-9EF0-D3F2DEA0B172}"
EndProject
Project("{FAE04EC0-301F-11D3-BF4B-00C04F79EFBC}") = "TestLINQDemo", "LINQDemo\TestLINQDemo\TestLINQDemo.csproj", "{0F7658FD-8595-49DA-BC42-22CE6BA5FE4F}"
	ProjectSection(ProjectDependencies) = postProject
		{05A8A393-E984-40DF-9EF0-D3F2DEA0B172} = {05A8A393-E984-40DF-9EF0-D3F2DEA0B172}
	EndProjectSection
EndProject
Global
	GlobalSection(SolutionConfigurationPlatforms) = preSolution
		Debug|Any CPU = Debug|Any CPU
		Release|Any CPU = Release|Any CPU
	EndGlobalSection
	GlobalSection(ProjectConfigurationPlatforms) = postSolution
		{05A8A393-E984-40DF-9EF0-D3F2DEA0B172}.Debug|Any CPU.ActiveCfg = Debug|Any CPU
		{05A8A393-E984-40DF-9EF0-D3F2DEA0B172}.Debug|Any CPU.Build.0 = Debug|Any CPU
		{05A8A393-E984-40DF-9EF0-D3F2DEA0B172}.Release|Any CPU.ActiveCfg = Release|Any CPU
		{05A8A393-E984-40DF-9EF0-D3F2DEA0B172}.Release|Any CPU.Build.0 = Release|Any CPU
		{0F7658FD-8595-49DA-BC42-22CE6BA5FE4F}.Debug|Any CPU.ActiveCfg = Debug|Any CPU
		{0F7658FD-8595-49DA-BC42-22CE6BA5FE4F}.Debug|Any CPU.Build.0 = Debug|Any CPU
		{0F7658FD-8595-49DA-BC42-22CE6BA5FE4F}.Release|Any CPU.ActiveCfg = Release|Any CPU
		{0F7658FD-8595-49DA-BC42-22CE6BA5FE4F}.Release|Any CPU.Build.0 = Release|Any CPU
	EndGlobalSection
	GlobalSection(SolutionProperties) = preSolution
		HideSolutionNode = FALSE
	EndGlobalSection
	GlobalSection(ExtensibilityGlobals) = postSolution
		SolutionGuid = {620E3164-C43C-4F5C-96A3-EAA127B5D150}
	EndGlobalSection
EndGlobal
